
Microsoft Visual Studio Solution File, Format Version 12.00
# Visual Studio Version 16
VisualStudioVersion = 16.0.31624.102
MinimumVisualStudioVersion = 10.0.40219.1
Project("{9A19103F-16F7-4668-BE54-9A1E7A4F7556}") = "MRPC.Net", "MRPC.Net\MRPC.Net.csproj", "{EF6E766C-4BDD-49BF-83EC-17203582CD7D}"
EndProject
Project("{9A19103F-16F7-4668-BE54-9A1E7A4F7556}") = "Replicate", "Replicate\Replicate\Replicate.csproj", "{13FCD560-EBCA-4DF1-8349-392D54BD83E1}"
EndProject
Project("{FAE04EC0-301F-11D3-BF4B-00C04F79EFBC}") = "MRPCWeb", "MRPCWeb\MRPCWeb.csproj", "{9C967DAE-C703-4D29-8EB6-D8F29CE44A0A}"
EndProject
Project("{9A19103F-16F7-4668-BE54-9A1E7A4F7556}") = "ReplicateWeb", "Replicate\ReplicateWeb\ReplicateWeb.csproj", "{ADA703FD-E0A1-4938-9B71-E18E4C94F0C3}"
EndProject
Global
	GlobalSection(SolutionConfigurationPlatforms) = preSolution
		Debug|Any CPU = Debug|Any CPU
		Release|Any CPU = Release|Any CPU
	EndGlobalSection
	GlobalSection(ProjectConfigurationPlatforms) = postSolution
		{EF6E766C-4BDD-49BF-83EC-17203582CD7D}.Debug|Any CPU.ActiveCfg = Debug|Any CPU
		{EF6E766C-4BDD-49BF-83EC-17203582CD7D}.Debug|Any CPU.Build.0 = Debug|Any CPU
		{EF6E766C-4BDD-49BF-83EC-17203582CD7D}.Release|Any CPU.ActiveCfg = Release|Any CPU
		{EF6E766C-4BDD-49BF-83EC-17203582CD7D}.Release|Any CPU.Build.0 = Release|Any CPU
		{13FCD560-EBCA-4DF1-8349-392D54BD83E1}.Debug|Any CPU.ActiveCfg = Debug|Any CPU
		{13FCD560-EBCA-4DF1-8349-392D54BD83E1}.Debug|Any CPU.Build.0 = Debug|Any CPU
		{13FCD560-EBCA-4DF1-8349-392D54BD83E1}.Release|Any CPU.ActiveCfg = Release|Any CPU
		{13FCD560-EBCA-4DF1-8349-392D54BD83E1}.Release|Any CPU.Build.0 = Release|Any CPU
		{9C967DAE-C703-4D29-8EB6-D8F29CE44A0A}.Debug|Any CPU.ActiveCfg = Debug|Any CPU
		{9C967DAE-C703-4D29-8EB6-D8F29CE44A0A}.Debug|Any CPU.Build.0 = Debug|Any CPU
		{9C967DAE-C703-4D29-8EB6-D8F29CE44A0A}.Release|Any CPU.ActiveCfg = Release|Any CPU
		{9C967DAE-C703-4D29-8EB6-D8F29CE44A0A}.Release|Any CPU.Build.0 = Release|Any CPU
		{ADA703FD-E0A1-4938-9B71-E18E4C94F0C3}.Debug|Any CPU.ActiveCfg = Debug|Any CPU
		{ADA703FD-E0A1-4938-9B71-E18E4C94F0C3}.Debug|Any CPU.Build.0 = Debug|Any CPU
		{ADA703FD-E0A1-4938-9B71-E18E4C94F0C3}.Release|Any CPU.ActiveCfg = Release|Any CPU
		{ADA703FD-E0A1-4938-9B71-E18E4C94F0C3}.Release|Any CPU.Build.0 = Release|Any CPU
	EndGlobalSection
	GlobalSection(SolutionProperties) = preSolution
		HideSolutionNode = FALSE
	EndGlobalSection
	GlobalSection(ExtensibilityGlobals) = postSolution
		SolutionGuid = {6156469B-058C-4030-8048-96634A9D1FDB}
	EndGlobalSection
EndGlobal
